
Microsoft Visual Studio Solution File, Format Version 12.00
# Visual Studio 15
VisualStudioVersion = 15.0.28010.2003
MinimumVisualStudioVersion = 10.0.40219.1
Project("{FAE04EC0-301F-11D3-BF4B-00C04F79EFBC}") = "DemoConsumirAPI.Android", "DemoConsumirAPI\DemoConsumirAPI.Android\DemoConsumirAPI.Android.csproj", "{BF91CC71-C19E-4C86-A216-7FDA4D6A5718}"
EndProject
Project("{FAE04EC0-301F-11D3-BF4B-00C04F79EFBC}") = "DemoConsumirAPI.iOS", "DemoConsumirAPI\DemoConsumirAPI.iOS\DemoConsumirAPI.iOS.csproj", "{3D95501B-50E9-4F71-A6EB-ECC34F6C1DEA}"
EndProject
Project("{FAE04EC0-301F-11D3-BF4B-00C04F79EFBC}") = "DemoConsumirAPI.UWP", "DemoConsumirAPI\DemoConsumirAPI.UWP\DemoConsumirAPI.UWP.csproj", "{AF45312C-16A4-4985-A7EB-6E5A339A4237}"
EndProject
Project("{FAE04EC0-301F-11D3-BF4B-00C04F79EFBC}") = "DemoConsumirAPI", "DemoConsumirAPI\DemoConsumirAPI\DemoConsumirAPI.csproj", "{8CE5D399-2082-45BD-9B9E-E7AC5695898B}"
EndProject
Global
	GlobalSection(SolutionConfigurationPlatforms) = preSolution
		Ad-Hoc|Any CPU = Ad-Hoc|Any CPU
		Ad-Hoc|ARM = Ad-Hoc|ARM
		Ad-Hoc|iPhone = Ad-Hoc|iPhone
		Ad-Hoc|iPhoneSimulator = Ad-Hoc|iPhoneSimulator
		Ad-Hoc|x64 = Ad-Hoc|x64
		Ad-Hoc|x86 = Ad-Hoc|x86
		AppStore|Any CPU = AppStore|Any CPU
		AppStore|ARM = AppStore|ARM
		AppStore|iPhone = AppStore|iPhone
		AppStore|iPhoneSimulator = AppStore|iPhoneSimulator
		AppStore|x64 = AppStore|x64
		AppStore|x86 = AppStore|x86
		Debug|Any CPU = Debug|Any CPU
		Debug|ARM = Debug|ARM
		Debug|iPhone = Debug|iPhone
		Debug|iPhoneSimulator = Debug|iPhoneSimulator
		Debug|x64 = Debug|x64
		Debug|x86 = Debug|x86
		Release|Any CPU = Release|Any CPU
		Release|ARM = Release|ARM
		Release|iPhone = Release|iPhone
		Release|iPhoneSimulator = Release|iPhoneSimulator
		Release|x64 = Release|x64
		Release|x86 = Release|x86
	EndGlobalSection
	GlobalSection(ProjectConfigurationPlatforms) = postSolution
		{BF91CC71-C19E-4C86-A216-7FDA4D6A5718}.Ad-Hoc|Any CPU.ActiveCfg = Release|Any CPU
		{BF91CC71-C19E-4C86-A216-7FDA4D6A5718}.Ad-Hoc|Any CPU.Build.0 = Release|Any CPU
		{BF91CC71-C19E-4C86-A216-7FDA4D6A5718}.Ad-Hoc|Any CPU.Deploy.0 = Release|Any CPU
		{BF91CC71-C19E-4C86-A216-7FDA4D6A5718}.Ad-Hoc|ARM.ActiveCfg = Release|Any CPU
		{BF91CC71-C19E-4C86-A216-7FDA4D6A5718}.Ad-Hoc|ARM.Build.0 = Release|Any CPU
		{BF91CC71-C19E-4C86-A216-7FDA4D6A5718}.Ad-Hoc|ARM.Deploy.0 = Release|Any CPU
		{BF91CC71-C19E-4C86-A216-7FDA4D6A5718}.Ad-Hoc|iPhone.ActiveCfg = Release|Any CPU
		{BF91CC71-C19E-4C86-A216-7FDA4D6A5718}.Ad-Hoc|iPhone.Build.0 = Release|Any CPU
		{BF91CC71-C19E-4C86-A216-7FDA4D6A5718}.Ad-Hoc|iPhone.Deploy.0 = Release|Any CPU
		{BF91CC71-C19E-4C86-A216-7FDA4D6A5718}.Ad-Hoc|iPhoneSimulator.ActiveCfg = Release|Any CPU
		{BF91CC71-C19E-4C86-A216-7FDA4D6A5718}.Ad-Hoc|iPhoneSimulator.Build.0 = Release|Any CPU
		{BF91CC71-C19E-4C86-A216-7FDA4D6A5718}.Ad-Hoc|iPhoneSimulator.Deploy.0 = Release|Any CPU
		{BF91CC71-C19E-4C86-A216-7FDA4D6A5718}.Ad-Hoc|x64.ActiveCfg = Release|Any CPU
		{BF91CC71-C19E-4C86-A216-7FDA4D6A5718}.Ad-Hoc|x64.Build.0 = Release|Any CPU
		{BF91CC71-C19E-4C86-A216-7FDA4D6A5718}.Ad-Hoc|x64.Deploy.0 = Release|Any CPU
		{BF91CC71-C19E-4C86-A216-7FDA4D6A5718}.Ad-Hoc|x86.ActiveCfg = Release|Any CPU
		{BF91CC71-C19E-4C86-A216-7FDA4D6A5718}.Ad-Hoc|x86.Build.0 = Release|Any CPU
		{BF91CC71-C19E-4C86-A216-7FDA4D6A5718}.Ad-Hoc|x86.Deploy.0 = Release|Any CPU
		{BF91CC71-C19E-4C86-A216-7FDA4D6A5718}.AppStore|Any CPU.ActiveCfg = Release|Any CPU
		{BF91CC71-C19E-4C86-A216-7FDA4D6A5718}.AppStore|Any CPU.Build.0 = Release|Any CPU
		{BF91CC71-C19E-4C86-A216-7FDA4D6A5718}.AppStore|Any CPU.Deploy.0 = Release|Any CPU
		{BF91CC71-C19E-4C86-A216-7FDA4D6A5718}.AppStore|ARM.ActiveCfg = Release|Any CPU
		{BF91CC71-C19E-4C86-A216-7FDA4D6A5718}.AppStore|ARM.Build.0 = Release|Any CPU
		{BF91CC71-C19E-4C86-A216-7FDA4D6A5718}.AppStore|ARM.Deploy.0 = Release|Any CPU
		{BF91CC71-C19E-4C86-A216-7FDA4D6A5718}.AppStore|iPhone.ActiveCfg = Release|Any CPU
		{BF91CC71-C19E-4C86-A216-7FDA4D6A5718}.AppStore|iPhone.Build.0 = Release|Any CPU
		{BF91CC71-C19E-4C86-A216-7FDA4D6A5718}.AppStore|iPhone.Deploy.0 = Release|Any CPU
		{BF91CC71-C19E-4C86-A216-7FDA4D6A5718}.AppStore|iPhoneSimulator.ActiveCfg = Release|Any CPU
		{BF91CC71-C19E-4C86-A216-7FDA4D6A5718}.AppStore|iPhoneSimulator.Build.0 = Release|Any CPU
		{BF91CC71-C19E-4C86-A216-7FDA4D6A5718}.AppStore|iPhoneSimulator.Deploy.0 = Release|Any CPU
		{BF91CC71-C19E-4C86-A216-7FDA4D6A5718}.AppStore|x64.ActiveCfg = Release|Any CPU
		{BF91CC71-C19E-4C86-A216-7FDA4D6A5718}.AppStore|x64.Build.0 = Release|Any CPU
		{BF91CC71-C19E-4C86-A216-7FDA4D6A5718}.AppStore|x64.Deploy.0 = Release|Any CPU
		{BF91CC71-C19E-4C86-A216-7FDA4D6A5718}.AppStore|x86.ActiveCfg = Release|Any CPU
		{BF91CC71-C19E-4C86-A216-7FDA4D6A5718}.AppStore|x86.Build.0 = Release|Any CPU
		{BF91CC71-C19E-4C86-A216-7FDA4D6A5718}.AppStore|x86.Deploy.0 = Release|Any CPU
		{BF91CC71-C19E-4C86-A216-7FDA4D6A5718}.Debug|Any CPU.ActiveCfg = Debug|Any CPU
		{BF91CC71-C19E-4C86-A216-7FDA4D6A5718}.Debug|Any CPU.Build.0 = Debug|Any CPU
		{BF91CC71-C19E-4C86-A216-7FDA4D6A5718}.Debug|Any CPU.Deploy.0 = Debug|Any CPU
		{BF91CC71-C19E-4C86-A216-7FDA4D6A5718}.Debug|ARM.ActiveCfg = Debug|Any CPU
		{BF91CC71-C19E-4C86-A216-7FDA4D6A5718}.Debug|ARM.Build.0 = Debug|Any CPU
		{BF91CC71-C19E-4C86-A216-7FDA4D6A5718}.Debug|ARM.Deploy.0 = Debug|Any CPU
		{BF91CC71-C19E-4C86-A216-7FDA4D6A5718}.Debug|iPhone.ActiveCfg = Debug|Any CPU
		{BF91CC71-C19E-4C86-A216-7FDA4D6A5718}.Debug|iPhone.Build.0 = Debug|Any CPU
		{BF91CC71-C19E-4C86-A216-7FDA4D6A5718}.Debug|iPhone.Deploy.0 = Debug|Any CPU
		{BF91CC71-C19E-4C86-A216-7FDA4D6A5718}.Debug|iPhoneSimulator.ActiveCfg = Debug|Any CPU
		{BF91CC71-C19E-4C86-A216-7FDA4D6A5718}.Debug|iPhoneSimulator.Build.0 = Debug|Any CPU
		{BF91CC71-C19E-4C86-A216-7FDA4D6A5718}.Debug|iPhoneSimulator.Deploy.0 = Debug|Any CPU
		{BF91CC71-C19E-4C86-A216-7FDA4D6A5718}.Debug|x64.ActiveCfg = Debug|Any CPU
		{BF91CC71-C19E-4C86-A216-7FDA4D6A5718}.Debug|x64.Build.0 = Debug|Any CPU
		{BF91CC71-C19E-4C86-A216-7FDA4D6A5718}.Debug|x64.Deploy.0 = Debug|Any CPU
		{BF91CC71-C19E-4C86-A216-7FDA4D6A5718}.Debug|x86.ActiveCfg = Debug|Any CPU
		{BF91CC71-C19E-4C86-A216-7FDA4D6A5718}.Debug|x86.Build.0 = Debug|Any CPU
		{BF91CC71-C19E-4C86-A216-7FDA4D6A5718}.Debug|x86.Deploy.0 = Debug|Any CPU
		{BF91CC71-C19E-4C86-A216-7FDA4D6A5718}.Release|Any CPU.ActiveCfg = Release|Any CPU
		{BF91CC71-C19E-4C86-A216-7FDA4D6A5718}.Release|Any CPU.Build.0 = Release|Any CPU
		{BF91CC71-C19E-4C86-A216-7FDA4D6A5718}.Release|Any CPU.Deploy.0 = Release|Any CPU
		{BF91CC71-C19E-4C86-A216-7FDA4D6A5718}.Release|ARM.ActiveCfg = Release|Any CPU
		{BF91CC71-C19E-4C86-A216-7FDA4D6A5718}.Release|ARM.Build.0 = Release|Any CPU
		{BF91CC71-C19E-4C86-A216-7FDA4D6A5718}.Release|ARM.Deploy.0 = Release|Any CPU
		{BF91CC71-C19E-4C86-A216-7FDA4D6A5718}.Release|iPhone.ActiveCfg = Release|Any CPU
		{BF91CC71-C19E-4C86-A216-7FDA4D6A5718}.Release|iPhone.Build.0 = Release|Any CPU
		{BF91CC71-C19E-4C86-A216-7FDA4D6A5718}.Release|iPhone.Deploy.0 = Release|Any CPU
		{BF91CC71-C19E-4C86-A216-7FDA4D6A5718}.Release|iPhoneSimulator.ActiveCfg = Release|Any CPU
		{BF91CC71-C19E-4C86-A216-7FDA4D6A5718}.Release|iPhoneSimulator.Build.0 = Release|Any CPU
		{BF91CC71-C19E-4C86-A216-7FDA4D6A5718}.Release|iPhoneSimulator.Deploy.0 = Release|Any CPU
		{BF91CC71-C19E-4C86-A216-7FDA4D6A5718}.Release|x64.ActiveCfg = Release|Any CPU
		{BF91CC71-C19E-4C86-A216-7FDA4D6A5718}.Release|x64.Build.0 = Release|Any CPU
		{BF91CC71-C19E-4C86-A216-7FDA4D6A5718}.Release|x64.Deploy.0 = Release|Any CPU
		{BF91CC71-C19E-4C86-A216-7FDA4D6A5718}.Release|x86.ActiveCfg = Release|Any CPU
		{BF91CC71-C19E-4C86-A216-7FDA4D6A5718}.Release|x86.Build.0 = Release|Any CPU
		{BF91CC71-C19E-4C86-A216-7FDA4D6A5718}.Release|x86.Deploy.0 = Release|Any CPU
		{3D95501B-50E9-4F71-A6EB-ECC34F6C1DEA}.Ad-Hoc|Any CPU.ActiveCfg = Ad-Hoc|iPhone
		{3D95501B-50E9-4F71-A6EB-ECC34F6C1DEA}.Ad-Hoc|Any CPU.Build.0 = Ad-Hoc|iPhone
		{3D95501B-50E9-4F71-A6EB-ECC34F6C1DEA}.Ad-Hoc|Any CPU.Deploy.0 = Ad-Hoc|iPhone
		{3D95501B-50E9-4F71-A6EB-ECC34F6C1DEA}.Ad-Hoc|ARM.ActiveCfg = Ad-Hoc|iPhone
		{3D95501B-50E9-4F71-A6EB-ECC34F6C1DEA}.Ad-Hoc|ARM.Build.0 = Ad-Hoc|iPhone
		{3D95501B-50E9-4F71-A6EB-ECC34F6C1DEA}.Ad-Hoc|ARM.Deploy.0 = Ad-Hoc|iPhone
		{3D95501B-50E9-4F71-A6EB-ECC34F6C1DEA}.Ad-Hoc|iPhone.ActiveCfg = Ad-Hoc|iPhone
		{3D95501B-50E9-4F71-A6EB-ECC34F6C1DEA}.Ad-Hoc|iPhone.Build.0 = Ad-Hoc|iPhone
		{3D95501B-50E9-4F71-A6EB-ECC34F6C1DEA}.Ad-Hoc|iPhone.Deploy.0 = Ad-Hoc|iPhone
		{3D95501B-50E9-4F71-A6EB-ECC34F6C1DEA}.Ad-Hoc|iPhoneSimulator.ActiveCfg = Ad-Hoc|iPhoneSimulator
		{3D95501B-50E9-4F71-A6EB-ECC34F6C1DEA}.Ad-Hoc|iPhoneSimulator.Build.0 = Ad-Hoc|iPhoneSimulator
		{3D95501B-50E9-4F71-A6EB-ECC34F6C1DEA}.Ad-Hoc|iPhoneSimulator.Deploy.0 = Ad-Hoc|iPhoneSimulator
		{3D95501B-50E9-4F71-A6EB-ECC34F6C1DEA}.Ad-Hoc|x64.ActiveCfg = Ad-Hoc|iPhone
		{3D95501B-50E9-4F71-A6EB-ECC34F6C1DEA}.Ad-Hoc|x64.Build.0 = Ad-Hoc|iPhone
		{3D95501B-50E9-4F71-A6EB-ECC34F6C1DEA}.Ad-Hoc|x64.Deploy.0 = Ad-Hoc|iPhone
		{3D95501B-50E9-4F71-A6EB-ECC34F6C1DEA}.Ad-Hoc|x86.ActiveCfg = Ad-Hoc|iPhone
		{3D95501B-50E9-4F71-A6EB-ECC34F6C1DEA}.Ad-Hoc|x86.Build.0 = Ad-Hoc|iPhone
		{3D95501B-50E9-4F71-A6EB-ECC34F6C1DEA}.Ad-Hoc|x86.Deploy.0 = Ad-Hoc|iPhone
		{3D95501B-50E9-4F71-A6EB-ECC34F6C1DEA}.AppStore|Any CPU.ActiveCfg = AppStore|iPhone
		{3D95501B-50E9-4F71-A6EB-ECC34F6C1DEA}.AppStore|Any CPU.Build.0 = AppStore|iPhone
		{3D95501B-50E9-4F71-A6EB-ECC34F6C1DEA}.AppStore|Any CPU.Deploy.0 = AppStore|iPhone
		{3D95501B-50E9-4F71-A6EB-ECC34F6C1DEA}.AppStore|ARM.ActiveCfg = AppStore|iPhone
		{3D95501B-50E9-4F71-A6EB-ECC34F6C1DEA}.AppStore|ARM.Build.0 = AppStore|iPhone
		{3D95501B-50E9-4F71-A6EB-ECC34F6C1DEA}.AppStore|ARM.Deploy.0 = AppStore|iPhone
		{3D95501B-50E9-4F71-A6EB-ECC34F6C1DEA}.AppStore|iPhone.ActiveCfg = AppStore|iPhone
		{3D95501B-50E9-4F71-A6EB-ECC34F6C1DEA}.AppStore|iPhone.Build.0 = AppStore|iPhone
		{3D95501B-50E9-4F71-A6EB-ECC34F6C1DEA}.AppStore|iPhone.Deploy.0 = AppStore|iPhone
		{3D95501B-50E9-4F71-A6EB-ECC34F6C1DEA}.AppStore|iPhoneSimulator.ActiveCfg = AppStore|iPhoneSimulator
		{3D95501B-50E9-4F71-A6EB-ECC34F6C1DEA}.AppStore|iPhoneSimulator.Build.0 = AppStore|iPhoneSimulator
		{3D95501B-50E9-4F71-A6EB-ECC34F6C1DEA}.AppStore|iPhoneSimulator.Deploy.0 = AppStore|iPhoneSimulator
		{3D95501B-50E9-4F71-A6EB-ECC34F6C1DEA}.AppStore|x64.ActiveCfg = AppStore|iPhone
		{3D95501B-50E9-4F71-A6EB-ECC34F6C1DEA}.AppStore|x64.Build.0 = AppStore|iPhone
		{3D95501B-50E9-4F71-A6EB-ECC34F6C1DEA}.AppStore|x64.Deploy.0 = AppStore|iPhone
		{3D95501B-50E9-4F71-A6EB-ECC34F6C1DEA}.AppStore|x86.ActiveCfg = AppStore|iPhone
		{3D95501B-50E9-4F71-A6EB-ECC34F6C1DEA}.AppStore|x86.Build.0 = AppStore|iPhone
		{3D95501B-50E9-4F71-A6EB-ECC34F6C1DEA}.AppStore|x86.Deploy.0 = AppStore|iPhone
		{3D95501B-50E9-4F71-A6EB-ECC34F6C1DEA}.Debug|Any CPU.ActiveCfg = Debug|iPhoneSimulator
		{3D95501B-50E9-4F71-A6EB-ECC34F6C1DEA}.Debug|Any CPU.Build.0 = Debug|iPhoneSimulator
		{3D95501B-50E9-4F71-A6EB-ECC34F6C1DEA}.Debug|Any CPU.Deploy.0 = Debug|iPhoneSimulator
		{3D95501B-50E9-4F71-A6EB-ECC34F6C1DEA}.Debug|ARM.ActiveCfg = Debug|iPhone
		{3D95501B-50E9-4F71-A6EB-ECC34F6C1DEA}.Debug|ARM.Build.0 = Debug|iPhone
		{3D95501B-50E9-4F71-A6EB-ECC34F6C1DEA}.Debug|ARM.Deploy.0 = Debug|iPhone
		{3D95501B-50E9-4F71-A6EB-ECC34F6C1DEA}.Debug|iPhone.ActiveCfg = Debug|iPhone
		{3D95501B-50E9-4F71-A6EB-ECC34F6C1DEA}.Debug|iPhone.Build.0 = Debug|iPhone
		{3D95501B-50E9-4F71-A6EB-ECC34F6C1DEA}.Debug|iPhone.Deploy.0 = Debug|iPhone
		{3D95501B-50E9-4F71-A6EB-ECC34F6C1DEA}.Debug|iPhoneSimulator.ActiveCfg = Debug|iPhoneSimulator
		{3D95501B-50E9-4F71-A6EB-ECC34F6C1DEA}.Debug|iPhoneSimulator.Build.0 = Debug|iPhoneSimulator
		{3D95501B-50E9-4F71-A6EB-ECC34F6C1DEA}.Debug|iPhoneSimulator.Deploy.0 = Debug|iPhoneSimulator
		{3D95501B-50E9-4F71-A6EB-ECC34F6C1DEA}.Debug|x64.ActiveCfg = Debug|iPhone
		{3D95501B-50E9-4F71-A6EB-ECC34F6C1DEA}.Debug|x64.Build.0 = Debug|iPhone
		{3D95501B-50E9-4F71-A6EB-ECC34F6C1DEA}.Debug|x64.Deploy.0 = Debug|iPhone
		{3D95501B-50E9-4F71-A6EB-ECC34F6C1DEA}.Debug|x86.ActiveCfg = Debug|iPhone
		{3D95501B-50E9-4F71-A6EB-ECC34F6C1DEA}.Debug|x86.Build.0 = Debug|iPhone
		{3D95501B-50E9-4F71-A6EB-ECC34F6C1DEA}.Debug|x86.Deploy.0 = Debug|iPhone
		{3D95501B-50E9-4F71-A6EB-ECC34F6C1DEA}.Release|Any CPU.ActiveCfg = Release|iPhone
		{3D95501B-50E9-4F71-A6EB-ECC34F6C1DEA}.Release|Any CPU.Build.0 = Release|iPhone
		{3D95501B-50E9-4F71-A6EB-ECC34F6C1DEA}.Release|Any CPU.Deploy.0 = Release|iPhone
		{3D95501B-50E9-4F71-A6EB-ECC34F6C1DEA}.Release|ARM.ActiveCfg = Release|iPhone
		{3D95501B-50E9-4F71-A6EB-ECC34F6C1DEA}.Release|ARM.Build.0 = Release|iPhone
		{3D95501B-50E9-4F71-A6EB-ECC34F6C1DEA}.Release|ARM.Deploy.0 = Release|iPhone
		{3D95501B-50E9-4F71-A6EB-ECC34F6C1DEA}.Release|iPhone.ActiveCfg = Release|iPhone
		{3D95501B-50E9-4F71-A6EB-ECC34F6C1DEA}.Release|iPhone.Build.0 = Release|iPhone
		{3D95501B-50E9-4F71-A6EB-ECC34F6C1DEA}.Release|iPhone.Deploy.0 = Release|iPhone
		{3D95501B-50E9-4F71-A6EB-ECC34F6C1DEA}.Release|iPhoneSimulator.ActiveCfg = Release|iPhoneSimulator
		{3D95501B-50E9-4F71-A6EB-ECC34F6C1DEA}.Release|iPhoneSimulator.Build.0 = Release|iPhoneSimulator
		{3D95501B-50E9-4F71-A6EB-ECC34F6C1DEA}.Release|iPhoneSimulator.Deploy.0 = Release|iPhoneSimulator
		{3D95501B-50E9-4F71-A6EB-ECC34F6C1DEA}.Release|x64.ActiveCfg = Release|iPhone
		{3D95501B-50E9-4F71-A6EB-ECC34F6C1DEA}.Release|x64.Build.0 = Release|iPhone
		{3D95501B-50E9-4F71-A6EB-ECC34F6C1DEA}.Release|x64.Deploy.0 = Release|iPhone
		{3D95501B-50E9-4F71-A6EB-ECC34F6C1DEA}.Release|x86.ActiveCfg = Release|iPhone
		{3D95501B-50E9-4F71-A6EB-ECC34F6C1DEA}.Release|x86.Build.0 = Release|iPhone
		{3D95501B-50E9-4F71-A6EB-ECC34F6C1DEA}.Release|x86.Deploy.0 = Release|iPhone
		{AF45312C-16A4-4985-A7EB-6E5A339A4237}.Ad-Hoc|Any CPU.ActiveCfg = Release|x86
		{AF45312C-16A4-4985-A7EB-6E5A339A4237}.Ad-Hoc|Any CPU.Build.0 = Release|x86
		{AF45312C-16A4-4985-A7EB-6E5A339A4237}.Ad-Hoc|Any CPU.Deploy.0 = Release|x86
		{AF45312C-16A4-4985-A7EB-6E5A339A4237}.Ad-Hoc|ARM.ActiveCfg = Release|ARM
		{AF45312C-16A4-4985-A7EB-6E5A339A4237}.Ad-Hoc|ARM.Build.0 = Release|ARM
		{AF45312C-16A4-4985-A7EB-6E5A339A4237}.Ad-Hoc|ARM.Deploy.0 = Release|ARM
		{AF45312C-16A4-4985-A7EB-6E5A339A4237}.Ad-Hoc|iPhone.ActiveCfg = Release|x86
		{AF45312C-16A4-4985-A7EB-6E5A339A4237}.Ad-Hoc|iPhone.Build.0 = Release|x86
		{AF45312C-16A4-4985-A7EB-6E5A339A4237}.Ad-Hoc|iPhone.Deploy.0 = Release|x86
		{AF45312C-16A4-4985-A7EB-6E5A339A4237}.Ad-Hoc|iPhoneSimulator.ActiveCfg = Release|x86
		{AF45312C-16A4-4985-A7EB-6E5A339A4237}.Ad-Hoc|iPhoneSimulator.Build.0 = Release|x86
		{AF45312C-16A4-4985-A7EB-6E5A339A4237}.Ad-Hoc|iPhoneSimulator.Deploy.0 = Release|x86
		{AF45312C-16A4-4985-A7EB-6E5A339A4237}.Ad-Hoc|x64.ActiveCfg = Release|x64
		{AF45312C-16A4-4985-A7EB-6E5A339A4237}.Ad-Hoc|x64.Build.0 = Release|x64
		{AF45312C-16A4-4985-A7EB-6E5A339A4237}.Ad-Hoc|x64.Deploy.0 = Release|x64
		{AF45312C-16A4-4985-A7EB-6E5A339A4237}.Ad-Hoc|x86.ActiveCfg = Release|x86
		{AF45312C-16A4-4985-A7EB-6E5A339A4237}.Ad-Hoc|x86.Build.0 = Release|x86
		{AF45312C-16A4-4985-A7EB-6E5A339A4237}.Ad-Hoc|x86.Deploy.0 = Release|x86
		{AF45312C-16A4-4985-A7EB-6E5A339A4237}.AppStore|Any CPU.ActiveCfg = Release|x86
		{AF45312C-16A4-4985-A7EB-6E5A339A4237}.AppStore|Any CPU.Build.0 = Release|x86
		{AF45312C-16A4-4985-A7EB-6E5A339A4237}.AppStore|Any CPU.Deploy.0 = Release|x86
		{AF45312C-16A4-4985-A7EB-6E5A339A4237}.AppStore|ARM.ActiveCfg = Release|ARM
		{AF45312C-16A4-4985-A7EB-6E5A339A4237}.AppStore|ARM.Build.0 = Release|ARM
		{AF45312C-16A4-4985-A7EB-6E5A339A4237}.AppStore|ARM.Deploy.0 = Release|ARM
		{AF45312C-16A4-4985-A7EB-6E5A339A4237}.AppStore|iPhone.ActiveCfg = Release|x86
		{AF45312C-16A4-4985-A7EB-6E5A339A4237}.AppStore|iPhone.Build.0 = Release|x86
		{AF45312C-16A4-4985-A7EB-6E5A339A4237}.AppStore|iPhone.Deploy.0 = Release|x86
		{AF45312C-16A4-4985-A7EB-6E5A339A4237}.AppStore|iPhoneSimulator.ActiveCfg = Release|x86
		{AF45312C-16A4-4985-A7EB-6E5A339A4237}.AppStore|iPhoneSimulator.Build.0 = Release|x86
		{AF45312C-16A4-4985-A7EB-6E5A339A4237}.AppStore|iPhoneSimulator.Deploy.0 = Release|x86
		{AF45312C-16A4-4985-A7EB-6E5A339A4237}.AppStore|x64.ActiveCfg = Release|x64
		{AF45312C-16A4-4985-A7EB-6E5A339A4237}.AppStore|x64.Build.0 = Release|x64
		{AF45312C-16A4-4985-A7EB-6E5A339A4237}.AppStore|x64.Deploy.0 = Release|x64
		{AF45312C-16A4-4985-A7EB-6E5A339A4237}.AppStore|x86.ActiveCfg = Release|x86
		{AF45312C-16A4-4985-A7EB-6E5A339A4237}.AppStore|x86.Build.0 = Release|x86
		{AF45312C-16A4-4985-A7EB-6E5A339A4237}.AppStore|x86.Deploy.0 = Release|x86
		{AF45312C-16A4-4985-A7EB-6E5A339A4237}.Debug|Any CPU.ActiveCfg = Debug|x86
		{AF45312C-16A4-4985-A7EB-6E5A339A4237}.Debug|Any CPU.Build.0 = Debug|x86
		{AF45312C-16A4-4985-A7EB-6E5A339A4237}.Debug|Any CPU.Deploy.0 = Debug|x86
		{AF45312C-16A4-4985-A7EB-6E5A339A4237}.Debug|ARM.ActiveCfg = Debug|ARM
		{AF45312C-16A4-4985-A7EB-6E5A339A4237}.Debug|ARM.Build.0 = Debug|ARM
		{AF45312C-16A4-4985-A7EB-6E5A339A4237}.Debug|ARM.Deploy.0 = Debug|ARM
		{AF45312C-16A4-4985-A7EB-6E5A339A4237}.Debug|iPhone.ActiveCfg = Debug|x86
		{AF45312C-16A4-4985-A7EB-6E5A339A4237}.Debug|iPhone.Build.0 = Debug|x86
		{AF45312C-16A4-4985-A7EB-6E5A339A4237}.Debug|iPhone.Deploy.0 = Debug|x86
		{AF45312C-16A4-4985-A7EB-6E5A339A4237}.Debug|iPhoneSimulator.ActiveCfg = Debug|x86
		{AF45312C-16A4-4985-A7EB-6E5A339A4237}.Debug|iPhoneSimulator.Build.0 = Debug|x86
		{AF45312C-16A4-4985-A7EB-6E5A339A4237}.Debug|iPhoneSimulator.Deploy.0 = Debug|x86
		{AF45312C-16A4-4985-A7EB-6E5A339A4237}.Debug|x64.ActiveCfg = Debug|x64
		{AF45312C-16A4-4985-A7EB-6E5A339A4237}.Debug|x64.Build.0 = Debug|x64
		{AF45312C-16A4-4985-A7EB-6E5A339A4237}.Debug|x64.Deploy.0 = Debug|x64
		{AF45312C-16A4-4985-A7EB-6E5A339A4237}.Debug|x86.ActiveCfg = Debug|x86
		{AF45312C-16A4-4985-A7EB-6E5A339A4237}.Debug|x86.Build.0 = Debug|x86
		{AF45312C-16A4-4985-A7EB-6E5A339A4237}.Debug|x86.Deploy.0 = Debug|x86
		{AF45312C-16A4-4985-A7EB-6E5A339A4237}.Release|Any CPU.ActiveCfg = Release|x86
		{AF45312C-16A4-4985-A7EB-6E5A339A4237}.Release|Any CPU.Build.0 = Release|x86
		{AF45312C-16A4-4985-A7EB-6E5A339A4237}.Release|Any CPU.Deploy.0 = Release|x86
		{AF45312C-16A4-4985-A7EB-6E5A339A4237}.Release|ARM.ActiveCfg = Release|ARM
		{AF45312C-16A4-4985-A7EB-6E5A339A4237}.Release|ARM.Build.0 = Release|ARM
		{AF45312C-16A4-4985-A7EB-6E5A339A4237}.Release|ARM.Deploy.0 = Release|ARM
		{AF45312C-16A4-4985-A7EB-6E5A339A4237}.Release|iPhone.ActiveCfg = Release|x86
		{AF45312C-16A4-4985-A7EB-6E5A339A4237}.Release|iPhone.Build.0 = Release|x86
		{AF45312C-16A4-4985-A7EB-6E5A339A4237}.Release|iPhone.Deploy.0 = Release|x86
		{AF45312C-16A4-4985-A7EB-6E5A339A4237}.Release|iPhoneSimulator.ActiveCfg = Release|x86
		{AF45312C-16A4-4985-A7EB-6E5A339A4237}.Release|iPhoneSimulator.Build.0 = Release|x86
		{AF45312C-16A4-4985-A7EB-6E5A339A4237}.Release|iPhoneSimulator.Deploy.0 = Release|x86
		{AF45312C-16A4-4985-A7EB-6E5A339A4237}.Release|x64.ActiveCfg = Release|x64
		{AF45312C-16A4-4985-A7EB-6E5A339A4237}.Release|x64.Build.0 = Release|x64
		{AF45312C-16A4-4985-A7EB-6E5A339A4237}.Release|x64.Deploy.0 = Release|x64
		{AF45312C-16A4-4985-A7EB-6E5A339A4237}.Release|x86.ActiveCfg = Release|x86
		{AF45312C-16A4-4985-A7EB-6E5A339A4237}.Release|x86.Build.0 = Release|x86
		{AF45312C-16A4-4985-A7EB-6E5A339A4237}.Release|x86.Deploy.0 = Release|x86
		{8CE5D399-2082-45BD-9B9E-E7AC5695898B}.Ad-Hoc|Any CPU.ActiveCfg = Debug|Any CPU
		{8CE5D399-2082-45BD-9B9E-E7AC5695898B}.Ad-Hoc|Any CPU.Build.0 = Debug|Any CPU
		{8CE5D399-2082-45BD-9B9E-E7AC5695898B}.Ad-Hoc|Any CPU.Deploy.0 = Debug|Any CPU
		{8CE5D399-2082-45BD-9B9E-E7AC5695898B}.Ad-Hoc|ARM.ActiveCfg = Debug|Any CPU
		{8CE5D399-2082-45BD-9B9E-E7AC5695898B}.Ad-Hoc|ARM.Build.0 = Debug|Any CPU
		{8CE5D399-2082-45BD-9B9E-E7AC5695898B}.Ad-Hoc|ARM.Deploy.0 = Debug|Any CPU
		{8CE5D399-2082-45BD-9B9E-E7AC5695898B}.Ad-Hoc|iPhone.ActiveCfg = Debug|Any CPU
		{8CE5D399-2082-45BD-9B9E-E7AC5695898B}.Ad-Hoc|iPhone.Build.0 = Debug|Any CPU
		{8CE5D399-2082-45BD-9B9E-E7AC5695898B}.Ad-Hoc|iPhone.Deploy.0 = Debug|Any CPU
		{8CE5D399-2082-45BD-9B9E-E7AC5695898B}.Ad-Hoc|iPhoneSimulator.ActiveCfg = Debug|Any CPU
		{8CE5D399-2082-45BD-9B9E-E7AC5695898B}.Ad-Hoc|iPhoneSimulator.Build.0 = Debug|Any CPU
		{8CE5D399-2082-45BD-9B9E-E7AC5695898B}.Ad-Hoc|iPhoneSimulator.Deploy.0 = Debug|Any CPU
		{8CE5D399-2082-45BD-9B9E-E7AC5695898B}.Ad-Hoc|x64.ActiveCfg = Debug|Any CPU
		{8CE5D399-2082-45BD-9B9E-E7AC5695898B}.Ad-Hoc|x64.Build.0 = Debug|Any CPU
		{8CE5D399-2082-45BD-9B9E-E7AC5695898B}.Ad-Hoc|x64.Deploy.0 = Debug|Any CPU
		{8CE5D399-2082-45BD-9B9E-E7AC5695898B}.Ad-Hoc|x86.ActiveCfg = Debug|Any CPU
		{8CE5D399-2082-45BD-9B9E-E7AC5695898B}.Ad-Hoc|x86.Build.0 = Debug|Any CPU
		{8CE5D399-2082-45BD-9B9E-E7AC5695898B}.Ad-Hoc|x86.Deploy.0 = Debug|Any CPU
		{8CE5D399-2082-45BD-9B9E-E7AC5695898B}.AppStore|Any CPU.ActiveCfg = Debug|Any CPU
		{8CE5D399-2082-45BD-9B9E-E7AC5695898B}.AppStore|Any CPU.Build.0 = Debug|Any CPU
		{8CE5D399-2082-45BD-9B9E-E7AC5695898B}.AppStore|Any CPU.Deploy.0 = Debug|Any CPU
		{8CE5D399-2082-45BD-9B9E-E7AC5695898B}.AppStore|ARM.ActiveCfg = Debug|Any CPU
		{8CE5D399-2082-45BD-9B9E-E7AC5695898B}.AppStore|ARM.Build.0 = Debug|Any CPU
		{8CE5D399-2082-45BD-9B9E-E7AC5695898B}.AppStore|ARM.Deploy.0 = Debug|Any CPU
		{8CE5D399-2082-45BD-9B9E-E7AC5695898B}.AppStore|iPhone.ActiveCfg = Debug|Any CPU
		{8CE5D399-2082-45BD-9B9E-E7AC5695898B}.AppStore|iPhone.Build.0 = Debug|Any CPU
		{8CE5D399-2082-45BD-9B9E-E7AC5695898B}.AppStore|iPhone.Deploy.0 = Debug|Any CPU
		{8CE5D399-2082-45BD-9B9E-E7AC5695898B}.AppStore|iPhoneSimulator.ActiveCfg = Debug|Any CPU
		{8CE5D399-2082-45BD-9B9E-E7AC5695898B}.AppStore|iPhoneSimulator.Build.0 = Debug|Any CPU
		{8CE5D399-2082-45BD-9B9E-E7AC5695898B}.AppStore|iPhoneSimulator.Deploy.0 = Debug|Any CPU
		{8CE5D399-2082-45BD-9B9E-E7AC5695898B}.AppStore|x64.ActiveCfg = Debug|Any CPU
		{8CE5D399-2082-45BD-9B9E-E7AC5695898B}.AppStore|x64.Build.0 = Debug|Any CPU
		{8CE5D399-2082-45BD-9B9E-E7AC5695898B}.AppStore|x64.Deploy.0 = Debug|Any CPU
		{8CE5D399-2082-45BD-9B9E-E7AC5695898B}.AppStore|x86.ActiveCfg = Debug|Any CPU
		{8CE5D399-2082-45BD-9B9E-E7AC5695898B}.AppStore|x86.Build.0 = Debug|Any CPU
		{8CE5D399-2082-45BD-9B9E-E7AC5695898B}.AppStore|x86.Deploy.0 = Debug|Any CPU
		{8CE5D399-2082-45BD-9B9E-E7AC5695898B}.Debug|Any CPU.ActiveCfg = Debug|Any CPU
		{8CE5D399-2082-45BD-9B9E-E7AC5695898B}.Debug|Any CPU.Build.0 = Debug|Any CPU
		{8CE5D399-2082-45BD-9B9E-E7AC5695898B}.Debug|Any CPU.Deploy.0 = Debug|Any CPU
		{8CE5D399-2082-45BD-9B9E-E7AC5695898B}.Debug|ARM.ActiveCfg = Debug|Any CPU
		{8CE5D399-2082-45BD-9B9E-E7AC5695898B}.Debug|ARM.Build.0 = Debug|Any CPU
		{8CE5D399-2082-45BD-9B9E-E7AC5695898B}.Debug|ARM.Deploy.0 = Debug|Any CPU
		{8CE5D399-2082-45BD-9B9E-E7AC5695898B}.Debug|iPhone.ActiveCfg = Debug|Any CPU
		{8CE5D399-2082-45BD-9B9E-E7AC5695898B}.Debug|iPhone.Build.0 = Debug|Any CPU
		{8CE5D399-2082-45BD-9B9E-E7AC5695898B}.Debug|iPhone.Deploy.0 = Debug|Any CPU
		{8CE5D399-2082-45BD-9B9E-E7AC5695898B}.Debug|iPhoneSimulator.ActiveCfg = Debug|Any CPU
		{8CE5D399-2082-45BD-9B9E-E7AC5695898B}.Debug|iPhoneSimulator.Build.0 = Debug|Any CPU
		{8CE5D399-2082-45BD-9B9E-E7AC5695898B}.Debug|iPhoneSimulator.Deploy.0 = Debug|Any CPU
		{8CE5D399-2082-45BD-9B9E-E7AC5695898B}.Debug|x64.ActiveCfg = Debug|Any CPU
		{8CE5D399-2082-45BD-9B9E-E7AC5695898B}.Debug|x64.Build.0 = Debug|Any CPU
		{8CE5D399-2082-45BD-9B9E-E7AC5695898B}.Debug|x64.Deploy.0 = Debug|Any CPU
		{8CE5D399-2082-45BD-9B9E-E7AC5695898B}.Debug|x86.ActiveCfg = Debug|Any CPU
		{8CE5D399-2082-45BD-9B9E-E7AC5695898B}.Debug|x86.Build.0 = Debug|Any CPU
		{8CE5D399-2082-45BD-9B9E-E7AC5695898B}.Debug|x86.Deploy.0 = Debug|Any CPU
		{8CE5D399-2082-45BD-9B9E-E7AC5695898B}.Release|Any CPU.ActiveCfg = Release|Any CPU
		{8CE5D399-2082-45BD-9B9E-E7AC5695898B}.Release|Any CPU.Build.0 = Release|Any CPU
		{8CE5D399-2082-45BD-9B9E-E7AC5695898B}.Release|Any CPU.Deploy.0 = Release|Any CPU
		{8CE5D399-2082-45BD-9B9E-E7AC5695898B}.Release|ARM.ActiveCfg = Release|Any CPU
		{8CE5D399-2082-45BD-9B9E-E7AC5695898B}.Release|ARM.Build.0 = Release|Any CPU
		{8CE5D399-2082-45BD-9B9E-E7AC5695898B}.Release|ARM.Deploy.0 = Release|Any CPU
		{8CE5D399-2082-45BD-9B9E-E7AC5695898B}.Release|iPhone.ActiveCfg = Release|Any CPU
		{8CE5D399-2082-45BD-9B9E-E7AC5695898B}.Release|iPhone.Build.0 = Release|Any CPU
		{8CE5D399-2082-45BD-9B9E-E7AC5695898B}.Release|iPhone.Deploy.0 = Release|Any CPU
		{8CE5D399-2082-45BD-9B9E-E7AC5695898B}.Release|iPhoneSimulator.ActiveCfg = Release|Any CPU
		{8CE5D399-2082-45BD-9B9E-E7AC5695898B}.Release|iPhoneSimulator.Build.0 = Release|Any CPU
		{8CE5D399-2082-45BD-9B9E-E7AC5695898B}.Release|iPhoneSimulator.Deploy.0 = Release|Any CPU
		{8CE5D399-2082-45BD-9B9E-E7AC5695898B}.Release|x64.ActiveCfg = Release|Any CPU
		{8CE5D399-2082-45BD-9B9E-E7AC5695898B}.Release|x64.Build.0 = Release|Any CPU
		{8CE5D399-2082-45BD-9B9E-E7AC5695898B}.Release|x64.Deploy.0 = Release|Any CPU
		{8CE5D399-2082-45BD-9B9E-E7AC5695898B}.Release|x86.ActiveCfg = Release|Any CPU
		{8CE5D399-2082-45BD-9B9E-E7AC5695898B}.Release|x86.Build.0 = Release|Any CPU
		{8CE5D399-2082-45BD-9B9E-E7AC5695898B}.Release|x86.Deploy.0 = Release|Any CPU
	EndGlobalSection
	GlobalSection(SolutionProperties) = preSolution
		HideSolutionNode = FALSE
	EndGlobalSection
	GlobalSection(ExtensibilityGlobals) = postSolution
		SolutionGuid = {F98AF02D-EA33-453D-862C-2BB477950EB6}
	EndGlobalSection
EndGlobal
